
Microsoft Visual Studio Solution File, Format Version 12.00
# Visual Studio 15
VisualStudioVersion = 15.0.28307.779
MinimumVisualStudioVersion = 10.0.40219.1
Project("{FAE04EC0-301F-11D3-BF4B-00C04F79EFBC}") = "Lab1", "Lab1\Lab1.csproj", "{7598D11C-D678-47D6-9FDE-A6A58461CA74}"
EndProject
Project("{FAE04EC0-301F-11D3-BF4B-00C04F79EFBC}") = "Lab5", "Lab5\Lab5.csproj", "{ECA2993F-424D-43B0-9098-10472FBD3430}"
EndProject
Project("{FAE04EC0-301F-11D3-BF4B-00C04F79EFBC}") = "Lab6", "Lab6\Lab6.csproj", "{8E4E71DA-1F7F-4A3D-BEA8-F5DC8312BA36}"
EndProject
Project("{FAE04EC0-301F-11D3-BF4B-00C04F79EFBC}") = "lab2", "Lab2\lab2.csproj", "{C4919200-FFBA-46CF-97C9-06F5E835C71D}"
EndProject
Project("{FAE04EC0-301F-11D3-BF4B-00C04F79EFBC}") = "Lab3", "Lab3\Lab3.csproj", "{F6B48A8B-780C-41E8-A770-88E94130A362}"
EndProject
Project("{FAE04EC0-301F-11D3-BF4B-00C04F79EFBC}") = "Lab4", "Lab4\Lab4.csproj", "{52DD8E8B-9876-48FD-A1A1-6C53A92FF441}"
EndProject
Project("{FAE04EC0-301F-11D3-BF4B-00C04F79EFBC}") = "Lab7", "Lab7\Lab7.csproj", "{7D686C61-501D-4123-8D1F-419B7F799ED5}"
EndProject
Project("{FAE04EC0-301F-11D3-BF4B-00C04F79EFBC}") = "Lab8", "Lab8\Lab8.csproj", "{29CB8E8E-0CCB-401F-A387-A875F58BE746}"
EndProject
Project("{FAE04EC0-301F-11D3-BF4B-00C04F79EFBC}") = "Lab9", "Lab9\Lab9.csproj", "{39B1BBEA-92E0-4DA5-8FA7-30BF881E4E97}"
EndProject
Global
	GlobalSection(SolutionConfigurationPlatforms) = preSolution
		Debug|Any CPU = Debug|Any CPU
		Release|Any CPU = Release|Any CPU
	EndGlobalSection
	GlobalSection(ProjectConfigurationPlatforms) = postSolution
		{7598D11C-D678-47D6-9FDE-A6A58461CA74}.Debug|Any CPU.ActiveCfg = Debug|Any CPU
		{7598D11C-D678-47D6-9FDE-A6A58461CA74}.Debug|Any CPU.Build.0 = Debug|Any CPU
		{7598D11C-D678-47D6-9FDE-A6A58461CA74}.Release|Any CPU.ActiveCfg = Release|Any CPU
		{7598D11C-D678-47D6-9FDE-A6A58461CA74}.Release|Any CPU.Build.0 = Release|Any CPU
		{ECA2993F-424D-43B0-9098-10472FBD3430}.Debug|Any CPU.ActiveCfg = Debug|Any CPU
		{ECA2993F-424D-43B0-9098-10472FBD3430}.Debug|Any CPU.Build.0 = Debug|Any CPU
		{ECA2993F-424D-43B0-9098-10472FBD3430}.Release|Any CPU.ActiveCfg = Release|Any CPU
		{ECA2993F-424D-43B0-9098-10472FBD3430}.Release|Any CPU.Build.0 = Release|Any CPU
		{8E4E71DA-1F7F-4A3D-BEA8-F5DC8312BA36}.Debug|Any CPU.ActiveCfg = Debug|Any CPU
		{8E4E71DA-1F7F-4A3D-BEA8-F5DC8312BA36}.Debug|Any CPU.Build.0 = Debug|Any CPU
		{8E4E71DA-1F7F-4A3D-BEA8-F5DC8312BA36}.Release|Any CPU.ActiveCfg = Release|Any CPU
		{8E4E71DA-1F7F-4A3D-BEA8-F5DC8312BA36}.Release|Any CPU.Build.0 = Release|Any CPU
		{C4919200-FFBA-46CF-97C9-06F5E835C71D}.Debug|Any CPU.ActiveCfg = Debug|Any CPU
		{C4919200-FFBA-46CF-97C9-06F5E835C71D}.Debug|Any CPU.Build.0 = Debug|Any CPU
		{C4919200-FFBA-46CF-97C9-06F5E835C71D}.Release|Any CPU.ActiveCfg = Release|Any CPU
		{C4919200-FFBA-46CF-97C9-06F5E835C71D}.Release|Any CPU.Build.0 = Release|Any CPU
		{F6B48A8B-780C-41E8-A770-88E94130A362}.Debug|Any CPU.ActiveCfg = Debug|Any CPU
		{F6B48A8B-780C-41E8-A770-88E94130A362}.Debug|Any CPU.Build.0 = Debug|Any CPU
		{F6B48A8B-780C-41E8-A770-88E94130A362}.Release|Any CPU.ActiveCfg = Release|Any CPU
		{F6B48A8B-780C-41E8-A770-88E94130A362}.Release|Any CPU.Build.0 = Release|Any CPU
		{52DD8E8B-9876-48FD-A1A1-6C53A92FF441}.Debug|Any CPU.ActiveCfg = Debug|Any CPU
		{52DD8E8B-9876-48FD-A1A1-6C53A92FF441}.Debug|Any CPU.Build.0 = Debug|Any CPU
		{52DD8E8B-9876-48FD-A1A1-6C53A92FF441}.Release|Any CPU.ActiveCfg = Release|Any CPU
		{52DD8E8B-9876-48FD-A1A1-6C53A92FF441}.Release|Any CPU.Build.0 = Release|Any CPU
		{7D686C61-501D-4123-8D1F-419B7F799ED5}.Debug|Any CPU.ActiveCfg = Debug|Any CPU
		{7D686C61-501D-4123-8D1F-419B7F799ED5}.Debug|Any CPU.Build.0 = Debug|Any CPU
		{7D686C61-501D-4123-8D1F-419B7F799ED5}.Release|Any CPU.ActiveCfg = Release|Any CPU
		{7D686C61-501D-4123-8D1F-419B7F799ED5}.Release|Any CPU.Build.0 = Release|Any CPU
		{29CB8E8E-0CCB-401F-A387-A875F58BE746}.Debug|Any CPU.ActiveCfg = Debug|Any CPU
		{29CB8E8E-0CCB-401F-A387-A875F58BE746}.Debug|Any CPU.Build.0 = Debug|Any CPU
		{29CB8E8E-0CCB-401F-A387-A875F58BE746}.Release|Any CPU.ActiveCfg = Release|Any CPU
		{29CB8E8E-0CCB-401F-A387-A875F58BE746}.Release|Any CPU.Build.0 = Release|Any CPU
		{39B1BBEA-92E0-4DA5-8FA7-30BF881E4E97}.Debug|Any CPU.ActiveCfg = Debug|Any CPU
		{39B1BBEA-92E0-4DA5-8FA7-30BF881E4E97}.Debug|Any CPU.Build.0 = Debug|Any CPU
		{39B1BBEA-92E0-4DA5-8FA7-30BF881E4E97}.Release|Any CPU.ActiveCfg = Release|Any CPU
		{39B1BBEA-92E0-4DA5-8FA7-30BF881E4E97}.Release|Any CPU.Build.0 = Release|Any CPU
	EndGlobalSection
	GlobalSection(SolutionProperties) = preSolution
		HideSolutionNode = FALSE
	EndGlobalSection
	GlobalSection(ExtensibilityGlobals) = postSolution
		SolutionGuid = {DC96CB70-3DF4-4B31-BA69-7D2BCC34B91C}
	EndGlobalSection
EndGlobal
